
Microsoft Visual Studio Solution File, Format Version 12.00
# Visual Studio Version 17
VisualStudioVersion = 17.10.35201.131
MinimumVisualStudioVersion = 10.0.40219.1
Project("{FAE04EC0-301F-11D3-BF4B-00C04F79EFBC}") = "eTickets", "eTickets\eTickets.csproj", "{15674AC5-2565-4321-82F0-53CF4945F9F1}"
EndProject
Global
	GlobalSection(SolutionConfigurationPlatforms) = preSolution
		Debug|Any CPU = Debug|Any CPU
		Release|Any CPU = Release|Any CPU
	EndGlobalSection
	GlobalSection(ProjectConfigurationPlatforms) = postSolution
		{15674AC5-2565-4321-82F0-53CF4945F9F1}.Debug|Any CPU.ActiveCfg = Debug|Any CPU
		{15674AC5-2565-4321-82F0-53CF4945F9F1}.Debug|Any CPU.Build.0 = Debug|Any CPU
		{15674AC5-2565-4321-82F0-53CF4945F9F1}.Release|Any CPU.ActiveCfg = Release|Any CPU
		{15674AC5-2565-4321-82F0-53CF4945F9F1}.Release|Any CPU.Build.0 = Release|Any CPU
	EndGlobalSection
	GlobalSection(SolutionProperties) = preSolution
		HideSolutionNode = FALSE
	EndGlobalSection
	GlobalSection(ExtensibilityGlobals) = postSolution
		SolutionGuid = {D9131118-D79F-4960-A287-5C8E7CE73143}
	EndGlobalSection
EndGlobal
